
Microsoft Visual Studio Solution File, Format Version 12.00
# Visual Studio Version 17
VisualStudioVersion = 17.11.35303.130
MinimumVisualStudioVersion = 10.0.40219.1
Project("{FAE04EC0-301F-11D3-BF4B-00C04F79EFBC}") = "FactoryDesignPatternDemo", "FactoryDesignPatternDemo.csproj", "{0FEE6998-952C-43CF-AF57-4F85A5E9D46A}"
EndProject
Global
	GlobalSection(SolutionConfigurationPlatforms) = preSolution
		Debug|Any CPU = Debug|Any CPU
		Release|Any CPU = Release|Any CPU
	EndGlobalSection
	GlobalSection(ProjectConfigurationPlatforms) = postSolution
		{0FEE6998-952C-43CF-AF57-4F85A5E9D46A}.Debug|Any CPU.ActiveCfg = Debug|Any CPU
		{0FEE6998-952C-43CF-AF57-4F85A5E9D46A}.Debug|Any CPU.Build.0 = Debug|Any CPU
		{0FEE6998-952C-43CF-AF57-4F85A5E9D46A}.Release|Any CPU.ActiveCfg = Release|Any CPU
		{0FEE6998-952C-43CF-AF57-4F85A5E9D46A}.Release|Any CPU.Build.0 = Release|Any CPU
	EndGlobalSection
	GlobalSection(SolutionProperties) = preSolution
		HideSolutionNode = FALSE
	EndGlobalSection
	GlobalSection(ExtensibilityGlobals) = postSolution
		SolutionGuid = {46156382-0F2F-4CB1-A193-BBF7433FEDA1}
	EndGlobalSection
EndGlobal
